
Microsoft Visual Studio Solution File, Format Version 12.00
# Visual Studio Version 17
VisualStudioVersion = 17.5.33516.290
MinimumVisualStudioVersion = 10.0.40219.1
Project("{8BC9CEB8-8B4A-11D0-8D11-00A0C91BC942}") = "BOJ_6064", "BOJ_6064.vcxproj", "{09862E0B-923F-44E1-9E2B-EF0B2F13028E}"
EndProject
Global
	GlobalSection(SolutionConfigurationPlatforms) = preSolution
		Debug|x64 = Debug|x64
		Release|x64 = Release|x64
	EndGlobalSection
	GlobalSection(ProjectConfigurationPlatforms) = postSolution
		{09862E0B-923F-44E1-9E2B-EF0B2F13028E}.Debug|x64.ActiveCfg = Debug|x64
		{09862E0B-923F-44E1-9E2B-EF0B2F13028E}.Debug|x64.Build.0 = Debug|x64
		{09862E0B-923F-44E1-9E2B-EF0B2F13028E}.Release|x64.ActiveCfg = Release|x64
		{09862E0B-923F-44E1-9E2B-EF0B2F13028E}.Release|x64.Build.0 = Release|x64
	EndGlobalSection
	GlobalSection(SolutionProperties) = preSolution
		HideSolutionNode = FALSE
	EndGlobalSection
	GlobalSection(ExtensibilityGlobals) = postSolution
		SolutionGuid = {E4121437-EA27-4CF5-B2CA-46357004BB45}
	EndGlobalSection
EndGlobal
